
Microsoft Visual Studio Solution File, Format Version 12.00
# Visual Studio Version 17
VisualStudioVersion = 17.13.35919.96 d17.13
MinimumVisualStudioVersion = 10.0.40219.1
Project("{FAE04EC0-301F-11D3-BF4B-00C04F79EFBC}") = "ArgParser", "ArgParser\ArgParser.csproj", "{DA78970A-9236-453F-AF33-CDD8010D4D4F}"
EndProject
Project("{2150E333-8FDC-42A3-9474-1A3956D46DE8}") = "tests", "tests", "{742C63B7-9B39-407C-9978-A503E796935A}"
EndProject
Project("{2150E333-8FDC-42A3-9474-1A3956D46DE8}") = "examples", "examples", "{36461958-C860-4E2E-A357-C60041B3B967}"
EndProject
Project("{2150E333-8FDC-42A3-9474-1A3956D46DE8}") = "analyzers", "analyzers", "{B508DB1D-D064-4CDF-A80B-D13BFBD60F3E}"
EndProject
Project("{FAE04EC0-301F-11D3-BF4B-00C04F79EFBC}") = "ArgParser.Analyzers", "analyzers\ArgParser.Analyzers\ArgParser.Analyzers.csproj", "{1CA2C477-12FA-43D2-B758-63F9A9C29450}"
EndProject
Project("{FAE04EC0-301F-11D3-BF4B-00C04F79EFBC}") = "ArgParser.Analyzers.Abstractions", "analyzers\ArgParser.Analyzers.Abstractions\ArgParser.Analyzers.Abstractions.csproj", "{0F4CE9A2-A659-449A-8915-C1E5991B042B}"
EndProject
Project("{FAE04EC0-301F-11D3-BF4B-00C04F79EFBC}") = "NumactlExample", "examples\NumactlExample\NumactlExample.csproj", "{B21251B8-41C2-46B2-927A-513928BE3BB5}"
EndProject
Project("{FAE04EC0-301F-11D3-BF4B-00C04F79EFBC}") = "TimeProgramExample", "examples\TimeProgramExample\TimeProgramExample.csproj", "{4D7B65A7-FA3F-4166-AC82-2D65DD7DE626}"
EndProject
Project("{FAE04EC0-301F-11D3-BF4B-00C04F79EFBC}") = "Tests", "tests\Tests.csproj", "{E5ECB749-3FF5-4F93-AE9F-BD9ABD406D12}"
EndProject
Global
	GlobalSection(SolutionConfigurationPlatforms) = preSolution
		Debug|Any CPU = Debug|Any CPU
		Release|Any CPU = Release|Any CPU
	EndGlobalSection
	GlobalSection(ProjectConfigurationPlatforms) = postSolution
		{DA78970A-9236-453F-AF33-CDD8010D4D4F}.Debug|Any CPU.ActiveCfg = Debug|Any CPU
		{DA78970A-9236-453F-AF33-CDD8010D4D4F}.Debug|Any CPU.Build.0 = Debug|Any CPU
		{DA78970A-9236-453F-AF33-CDD8010D4D4F}.Release|Any CPU.ActiveCfg = Release|Any CPU
		{DA78970A-9236-453F-AF33-CDD8010D4D4F}.Release|Any CPU.Build.0 = Release|Any CPU
		{1CA2C477-12FA-43D2-B758-63F9A9C29450}.Debug|Any CPU.ActiveCfg = Debug|Any CPU
		{1CA2C477-12FA-43D2-B758-63F9A9C29450}.Debug|Any CPU.Build.0 = Debug|Any CPU
		{1CA2C477-12FA-43D2-B758-63F9A9C29450}.Release|Any CPU.ActiveCfg = Release|Any CPU
		{1CA2C477-12FA-43D2-B758-63F9A9C29450}.Release|Any CPU.Build.0 = Release|Any CPU
		{0F4CE9A2-A659-449A-8915-C1E5991B042B}.Debug|Any CPU.ActiveCfg = Debug|Any CPU
		{0F4CE9A2-A659-449A-8915-C1E5991B042B}.Debug|Any CPU.Build.0 = Debug|Any CPU
		{0F4CE9A2-A659-449A-8915-C1E5991B042B}.Release|Any CPU.ActiveCfg = Release|Any CPU
		{0F4CE9A2-A659-449A-8915-C1E5991B042B}.Release|Any CPU.Build.0 = Release|Any CPU
		{B21251B8-41C2-46B2-927A-513928BE3BB5}.Debug|Any CPU.ActiveCfg = Debug|Any CPU
		{B21251B8-41C2-46B2-927A-513928BE3BB5}.Debug|Any CPU.Build.0 = Debug|Any CPU
		{B21251B8-41C2-46B2-927A-513928BE3BB5}.Release|Any CPU.ActiveCfg = Release|Any CPU
		{B21251B8-41C2-46B2-927A-513928BE3BB5}.Release|Any CPU.Build.0 = Release|Any CPU
		{4D7B65A7-FA3F-4166-AC82-2D65DD7DE626}.Debug|Any CPU.ActiveCfg = Debug|Any CPU
		{4D7B65A7-FA3F-4166-AC82-2D65DD7DE626}.Debug|Any CPU.Build.0 = Debug|Any CPU
		{4D7B65A7-FA3F-4166-AC82-2D65DD7DE626}.Release|Any CPU.ActiveCfg = Release|Any CPU
		{4D7B65A7-FA3F-4166-AC82-2D65DD7DE626}.Release|Any CPU.Build.0 = Release|Any CPU
		{E5ECB749-3FF5-4F93-AE9F-BD9ABD406D12}.Debug|Any CPU.ActiveCfg = Debug|Any CPU
		{E5ECB749-3FF5-4F93-AE9F-BD9ABD406D12}.Debug|Any CPU.Build.0 = Debug|Any CPU
		{E5ECB749-3FF5-4F93-AE9F-BD9ABD406D12}.Release|Any CPU.ActiveCfg = Release|Any CPU
		{E5ECB749-3FF5-4F93-AE9F-BD9ABD406D12}.Release|Any CPU.Build.0 = Release|Any CPU
	EndGlobalSection
	GlobalSection(SolutionProperties) = preSolution
		HideSolutionNode = FALSE
	EndGlobalSection
	GlobalSection(NestedProjects) = preSolution
		{1CA2C477-12FA-43D2-B758-63F9A9C29450} = {B508DB1D-D064-4CDF-A80B-D13BFBD60F3E}
		{0F4CE9A2-A659-449A-8915-C1E5991B042B} = {B508DB1D-D064-4CDF-A80B-D13BFBD60F3E}
		{B21251B8-41C2-46B2-927A-513928BE3BB5} = {36461958-C860-4E2E-A357-C60041B3B967}
		{4D7B65A7-FA3F-4166-AC82-2D65DD7DE626} = {36461958-C860-4E2E-A357-C60041B3B967}
		{E5ECB749-3FF5-4F93-AE9F-BD9ABD406D12} = {742C63B7-9B39-407C-9978-A503E796935A}
	EndGlobalSection
EndGlobal
