
Microsoft Visual Studio Solution File, Format Version 12.00
# Visual Studio Version 17
VisualStudioVersion = 17.13.35919.96 d17.13
MinimumVisualStudioVersion = 10.0.40219.1
Project("{FAE04EC0-301F-11D3-BF4B-00C04F79EFBC}") = "ArgParser", "ArgParser\ArgParser.csproj", "{DA78970A-9236-453F-AF33-CDD8010D4D4F}"
EndProject
Project("{FAE04EC0-301F-11D3-BF4B-00C04F79EFBC}") = "TimeProgramExample", "TimeProgramExample\TimeProgramExample.csproj", "{FC6B5643-B73F-49D9-9909-DE423E0170BA}"
EndProject
Project("{FAE04EC0-301F-11D3-BF4B-00C04F79EFBC}") = "ArgParser.Analyzers", "ArgParser.Analyzers\ArgParser.Analyzers.csproj", "{F61CB3FA-49F8-41D4-92EC-A2F0C8EA405B}"
EndProject
Project("{FAE04EC0-301F-11D3-BF4B-00C04F79EFBC}") = "ArgParser.Analyzers.Abstractions", "ArgParser.Analyzers.Abstractions\ArgParser.Analyzers.Abstractions.csproj", "{6CFA5AC5-E1C5-4102-A068-71EFFF805FF1}"
EndProject
Project("{FAE04EC0-301F-11D3-BF4B-00C04F79EFBC}") = "NumactlExample", "NumactlExample\NumactlExample.csproj", "{63BFCBBD-B1CC-4250-BF45-9E584688977F}"
EndProject
Project("{FAE04EC0-301F-11D3-BF4B-00C04F79EFBC}") = "APITests", "APITests\APITests.csproj", "{CB7EA068-C92D-4985-9FEE-C14050980EB5}"
EndProject
Project("{FAE04EC0-301F-11D3-BF4B-00C04F79EFBC}") = "ArgParserTests", "ArgParserTests\ArgParserTests.csproj", "{30823653-B1DE-A965-9A32-EBC73F045DB5}"
EndProject
Project("{2150E333-8FDC-42A3-9474-1A3956D46DE8}") = "tests", "tests", "{742C63B7-9B39-407C-9978-A503E796935A}"
EndProject
Project("{2150E333-8FDC-42A3-9474-1A3956D46DE8}") = "examples", "examples", "{36461958-C860-4E2E-A357-C60041B3B967}"
EndProject
Project("{2150E333-8FDC-42A3-9474-1A3956D46DE8}") = "analyzers", "analyzers", "{B508DB1D-D064-4CDF-A80B-D13BFBD60F3E}"
EndProject
Global
	GlobalSection(SolutionConfigurationPlatforms) = preSolution
		Debug|Any CPU = Debug|Any CPU
		Release|Any CPU = Release|Any CPU
	EndGlobalSection
	GlobalSection(ProjectConfigurationPlatforms) = postSolution
		{DA78970A-9236-453F-AF33-CDD8010D4D4F}.Debug|Any CPU.ActiveCfg = Debug|Any CPU
		{DA78970A-9236-453F-AF33-CDD8010D4D4F}.Debug|Any CPU.Build.0 = Debug|Any CPU
		{DA78970A-9236-453F-AF33-CDD8010D4D4F}.Release|Any CPU.ActiveCfg = Release|Any CPU
		{DA78970A-9236-453F-AF33-CDD8010D4D4F}.Release|Any CPU.Build.0 = Release|Any CPU
		{FC6B5643-B73F-49D9-9909-DE423E0170BA}.Debug|Any CPU.ActiveCfg = Debug|Any CPU
		{FC6B5643-B73F-49D9-9909-DE423E0170BA}.Debug|Any CPU.Build.0 = Debug|Any CPU
		{FC6B5643-B73F-49D9-9909-DE423E0170BA}.Release|Any CPU.ActiveCfg = Release|Any CPU
		{FC6B5643-B73F-49D9-9909-DE423E0170BA}.Release|Any CPU.Build.0 = Release|Any CPU
		{F61CB3FA-49F8-41D4-92EC-A2F0C8EA405B}.Debug|Any CPU.ActiveCfg = Debug|Any CPU
		{F61CB3FA-49F8-41D4-92EC-A2F0C8EA405B}.Debug|Any CPU.Build.0 = Debug|Any CPU
		{F61CB3FA-49F8-41D4-92EC-A2F0C8EA405B}.Release|Any CPU.ActiveCfg = Release|Any CPU
		{F61CB3FA-49F8-41D4-92EC-A2F0C8EA405B}.Release|Any CPU.Build.0 = Release|Any CPU
		{6CFA5AC5-E1C5-4102-A068-71EFFF805FF1}.Debug|Any CPU.ActiveCfg = Debug|Any CPU
		{6CFA5AC5-E1C5-4102-A068-71EFFF805FF1}.Debug|Any CPU.Build.0 = Debug|Any CPU
		{6CFA5AC5-E1C5-4102-A068-71EFFF805FF1}.Release|Any CPU.ActiveCfg = Release|Any CPU
		{6CFA5AC5-E1C5-4102-A068-71EFFF805FF1}.Release|Any CPU.Build.0 = Release|Any CPU
		{63BFCBBD-B1CC-4250-BF45-9E584688977F}.Debug|Any CPU.ActiveCfg = Debug|Any CPU
		{63BFCBBD-B1CC-4250-BF45-9E584688977F}.Debug|Any CPU.Build.0 = Debug|Any CPU
		{63BFCBBD-B1CC-4250-BF45-9E584688977F}.Release|Any CPU.ActiveCfg = Release|Any CPU
		{63BFCBBD-B1CC-4250-BF45-9E584688977F}.Release|Any CPU.Build.0 = Release|Any CPU
		{CB7EA068-C92D-4985-9FEE-C14050980EB5}.Debug|Any CPU.ActiveCfg = Debug|Any CPU
		{CB7EA068-C92D-4985-9FEE-C14050980EB5}.Debug|Any CPU.Build.0 = Debug|Any CPU
		{CB7EA068-C92D-4985-9FEE-C14050980EB5}.Release|Any CPU.ActiveCfg = Release|Any CPU
		{CB7EA068-C92D-4985-9FEE-C14050980EB5}.Release|Any CPU.Build.0 = Release|Any CPU
		{30823653-B1DE-A965-9A32-EBC73F045DB5}.Debug|Any CPU.ActiveCfg = Debug|Any CPU
		{30823653-B1DE-A965-9A32-EBC73F045DB5}.Debug|Any CPU.Build.0 = Debug|Any CPU
		{30823653-B1DE-A965-9A32-EBC73F045DB5}.Release|Any CPU.ActiveCfg = Release|Any CPU
		{30823653-B1DE-A965-9A32-EBC73F045DB5}.Release|Any CPU.Build.0 = Release|Any CPU
	EndGlobalSection
	GlobalSection(SolutionProperties) = preSolution
		HideSolutionNode = FALSE
	EndGlobalSection
	GlobalSection(NestedProjects) = preSolution
		{CB7EA068-C92D-4985-9FEE-C14050980EB5} = {742C63B7-9B39-407C-9978-A503E796935A}
		{30823653-B1DE-A965-9A32-EBC73F045DB5} = {742C63B7-9B39-407C-9978-A503E796935A}
		{63BFCBBD-B1CC-4250-BF45-9E584688977F} = {36461958-C860-4E2E-A357-C60041B3B967}
		{FC6B5643-B73F-49D9-9909-DE423E0170BA} = {36461958-C860-4E2E-A357-C60041B3B967}
		{F61CB3FA-49F8-41D4-92EC-A2F0C8EA405B} = {B508DB1D-D064-4CDF-A80B-D13BFBD60F3E}
		{6CFA5AC5-E1C5-4102-A068-71EFFF805FF1} = {B508DB1D-D064-4CDF-A80B-D13BFBD60F3E}
	EndGlobalSection
EndGlobal
